// !$*UTF8*$!
{
	archiveVersion = 1;
	classes = {
	};
	objectVersion = 55;
	objects = {

/* Begin PBXBuildFile section */
		545F90E22796BAB400C50E3B /* DateFormatter+Memo.swift in Sources */ = {isa = PBXBuildFile; fileRef = 545F90E12796BAB400C50E3B /* DateFormatter+Memo.swift */; };
		545F90E52796BDCB00C50E3B /* MemoCell.swift in Sources */ = {isa = PBXBuildFile; fileRef = 545F90E42796BDCB00C50E3B /* MemoCell.swift */; };
		545F90E82796BEE700C50E3B /* ComposeScene.swift in Sources */ = {isa = PBXBuildFile; fileRef = 545F90E72796BEE700C50E3B /* ComposeScene.swift */; };
		549D14A42791B53A005CEFE7 /* SwiftUIMemoApp.swift in Sources */ = {isa = PBXBuildFile; fileRef = 549D14A32791B53A005CEFE7 /* SwiftUIMemoApp.swift */; };
		549D14A62791B53A005CEFE7 /* MemoListScene.swift in Sources */ = {isa = PBXBuildFile; fileRef = 549D14A52791B53A005CEFE7 /* MemoListScene.swift */; };
		549D14A82791B53D005CEFE7 /* Assets.xcassets in Resources */ = {isa = PBXBuildFile; fileRef = 549D14A72791B53D005CEFE7 /* Assets.xcassets */; };
		549D14AB2791B53D005CEFE7 /* Preview Assets.xcassets in Resources */ = {isa = PBXBuildFile; fileRef = 549D14AA2791B53D005CEFE7 /* Preview Assets.xcassets */; };
		549D14AD2791B53D005CEFE7 /* Persistence.swift in Sources */ = {isa = PBXBuildFile; fileRef = 549D14AC2791B53D005CEFE7 /* Persistence.swift */; };
		549D14B02791B53D005CEFE7 /* SwiftUIMemo.xcdatamodeld in Sources */ = {isa = PBXBuildFile; fileRef = 549D14AE2791B53D005CEFE7 /* SwiftUIMemo.xcdatamodeld */; };
		549D14B82791B822005CEFE7 /* Memo.swift in Sources */ = {isa = PBXBuildFile; fileRef = 549D14B72791B822005CEFE7 /* Memo.swift */; };
		549D14BA2791B8F5005CEFE7 /* MemoStore.swift in Sources */ = {isa = PBXBuildFile; fileRef = 549D14B92791B8F5005CEFE7 /* MemoStore.swift */; };
		54C7219327A34D880011BE0B /* DetailScene.swift in Sources */ = {isa = PBXBuildFile; fileRef = 54C7219227A34D880011BE0B /* DetailScene.swift */; };
		54FAC02C279998390088DAE9 /* TextView.swift in Sources */ = {isa = PBXBuildFile; fileRef = 54FAC02B279998390088DAE9 /* TextView.swift */; };
		54FAC02F279999F00088DAE9 /* KeyboardObserver.swift in Sources */ = {isa = PBXBuildFile; fileRef = 54FAC02E279999F00088DAE9 /* KeyboardObserver.swift */; };
/* End PBXBuildFile section */

/* Begin PBXFileReference section */
		545F90E12796BAB400C50E3B /* DateFormatter+Memo.swift */ = {isa = PBXFileReference; lastKnownFileType = sourcecode.swift; path = "DateFormatter+Memo.swift"; sourceTree = "<group>"; };
		545F90E42796BDCB00C50E3B /* MemoCell.swift */ = {isa = PBXFileReference; lastKnownFileType = sourcecode.swift; path = MemoCell.swift; sourceTree = "<group>"; };
		545F90E72796BEE700C50E3B /* ComposeScene.swift */ = {isa = PBXFileReference; lastKnownFileType = sourcecode.swift; path = ComposeScene.swift; sourceTree = "<group>"; };
		549D14A02791B53A005CEFE7 /* SwiftUIMemo.app */ = {isa = PBXFileReference; explicitFileType = wrapper.application; includeInIndex = 0; path = SwiftUIMemo.app; sourceTree = BUILT_PRODUCTS_DIR; };
		549D14A32791B53A005CEFE7 /* SwiftUIMemoApp.swift */ = {isa = PBXFileReference; lastKnownFileType = sourcecode.swift; path = SwiftUIMemoApp.swift; sourceTree = "<group>"; };
		549D14A52791B53A005CEFE7 /* MemoListScene.swift */ = {isa = PBXFileReference; lastKnownFileType = sourcecode.swift; path = MemoListScene.swift; sourceTree = "<group>"; };
		549D14A72791B53D005CEFE7 /* Assets.xcassets */ = {isa = PBXFileReference; lastKnownFileType = folder.assetcatalog; path = Assets.xcassets; sourceTree = "<group>"; };
		549D14AA2791B53D005CEFE7 /* Preview Assets.xcassets */ = {isa = PBXFileReference; lastKnownFileType = folder.assetcatalog; path = "Preview Assets.xcassets"; sourceTree = "<group>"; };
		549D14AC2791B53D005CEFE7 /* Persistence.swift */ = {isa = PBXFileReference; lastKnownFileType = sourcecode.swift; path = Persistence.swift; sourceTree = "<group>"; };
		549D14AF2791B53D005CEFE7 /* SwiftUIMemo.xcdatamodel */ = {isa = PBXFileReference; lastKnownFileType = wrapper.xcdatamodel; path = SwiftUIMemo.xcdatamodel; sourceTree = "<group>"; };
		549D14B72791B822005CEFE7 /* Memo.swift */ = {isa = PBXFileReference; lastKnownFileType = sourcecode.swift; path = Memo.swift; sourceTree = "<group>"; };
		549D14B92791B8F5005CEFE7 /* MemoStore.swift */ = {isa = PBXFileReference; lastKnownFileType = sourcecode.swift; path = MemoStore.swift; sourceTree = "<group>"; };
		54C7219227A34D880011BE0B /* DetailScene.swift */ = {isa = PBXFileReference; lastKnownFileType = sourcecode.swift; path = DetailScene.swift; sourceTree = "<group>"; };
		54FAC02B279998390088DAE9 /* TextView.swift */ = {isa = PBXFileReference; lastKnownFileType = sourcecode.swift; path = TextView.swift; sourceTree = "<group>"; };
		54FAC02E279999F00088DAE9 /* KeyboardObserver.swift */ = {isa = PBXFileReference; lastKnownFileType = sourcecode.swift; path = KeyboardObserver.swift; sourceTree = "<group>"; };
/* End PBXFileReference section */

/* Begin PBXFrameworksBuildPhase section */
		549D149D2791B53A005CEFE7 /* Frameworks */ = {
			isa = PBXFrameworksBuildPhase;
			buildActionMask = 2147483647;
			files = (
			);
			runOnlyForDeploymentPostprocessing = 0;
		};
/* End PBXFrameworksBuildPhase section */

/* Begin PBXGroup section */
		545F90E02796BA8A00C50E3B /* Extension */ = {
			isa = PBXGroup;
			children = (
				545F90E12796BAB400C50E3B /* DateFormatter+Memo.swift */,
			);
			path = Extension;
			sourceTree = "<group>";
		};
		545F90E32796BDAE00C50E3B /* View */ = {
			isa = PBXGroup;
			children = (
				545F90E42796BDCB00C50E3B /* MemoCell.swift */,
				54FAC02B279998390088DAE9 /* TextView.swift */,
			);
			path = View;
			sourceTree = "<group>";
		};
		545F90E62796BEA200C50E3B /* Scene */ = {
			isa = PBXGroup;
			children = (
				545F90E32796BDAE00C50E3B /* View */,
				549D14A52791B53A005CEFE7 /* MemoListScene.swift */,
				545F90E72796BEE700C50E3B /* ComposeScene.swift */,
				54C7219227A34D880011BE0B /* DetailScene.swift */,
			);
			path = Scene;
			sourceTree = "<group>";
		};
		549D14972791B53A005CEFE7 = {
			isa = PBXGroup;
			children = (
				549D14A22791B53A005CEFE7 /* SwiftUIMemo */,
				549D14A12791B53A005CEFE7 /* Products */,
			);
			sourceTree = "<group>";
		};
		549D14A12791B53A005CEFE7 /* Products */ = {
			isa = PBXGroup;
			children = (
				549D14A02791B53A005CEFE7 /* SwiftUIMemo.app */,
			);
			name = Products;
			sourceTree = "<group>";
		};
		549D14A22791B53A005CEFE7 /* SwiftUIMemo */ = {
			isa = PBXGroup;
			children = (
				54D7C67E27AA906900F9C86B /* DB */,
				54FAC02D279999D70088DAE9 /* Shared */,
				545F90E62796BEA200C50E3B /* Scene */,
				545F90E02796BA8A00C50E3B /* Extension */,
				549D14B62791B805005CEFE7 /* Model */,
				549D14A32791B53A005CEFE7 /* SwiftUIMemoApp.swift */,
				549D14A72791B53D005CEFE7 /* Assets.xcassets */,
				549D14AC2791B53D005CEFE7 /* Persistence.swift */,
				549D14A92791B53D005CEFE7 /* Preview Content */,
			);
			path = SwiftUIMemo;
			sourceTree = "<group>";
		};
		549D14A92791B53D005CEFE7 /* Preview Content */ = {
			isa = PBXGroup;
			children = (
				549D14AA2791B53D005CEFE7 /* Preview Assets.xcassets */,
			);
			path = "Preview Content";
			sourceTree = "<group>";
		};
		549D14B62791B805005CEFE7 /* Model */ = {
			isa = PBXGroup;
			children = (
				549D14B72791B822005CEFE7 /* Memo.swift */,
				549D14B92791B8F5005CEFE7 /* MemoStore.swift */,
			);
			path = Model;
			sourceTree = "<group>";
		};
		54D7C67E27AA906900F9C86B /* DB */ = {
			isa = PBXGroup;
			children = (
				549D14AE2791B53D005CEFE7 /* SwiftUIMemo.xcdatamodeld */,
			);
			path = DB;
			sourceTree = "<group>";
		};
		54FAC02D279999D70088DAE9 /* Shared */ = {
			isa = PBXGroup;
			children = (
				54FAC02E279999F00088DAE9 /* KeyboardObserver.swift */,
			);
			path = Shared;
			sourceTree = "<group>";
		};
/* End PBXGroup section */

/* Begin PBXNativeTarget section */
		549D149F2791B53A005CEFE7 /* SwiftUIMemo */ = {
			isa = PBXNativeTarget;
			buildConfigurationList = 549D14B32791B53D005CEFE7 /* Build configuration list for PBXNativeTarget "SwiftUIMemo" */;
			buildPhases = (
				549D149C2791B53A005CEFE7 /* Sources */,
				549D149D2791B53A005CEFE7 /* Frameworks */,
				549D149E2791B53A005CEFE7 /* Resources */,
			);
			buildRules = (
			);
			dependencies = (
			);
			name = SwiftUIMemo;
			productName = SwiftUIMemo;
			productReference = 549D14A02791B53A005CEFE7 /* SwiftUIMemo.app */;
			productType = "com.apple.product-type.application";
		};
/* End PBXNativeTarget section */

/* Begin PBXProject section */
		549D14982791B53A005CEFE7 /* Project object */ = {
			isa = PBXProject;
			attributes = {
				BuildIndependentTargetsInParallel = 1;
				LastSwiftUpdateCheck = 1300;
				LastUpgradeCheck = 1300;
				TargetAttributes = {
					549D149F2791B53A005CEFE7 = {
						CreatedOnToolsVersion = 13.0;
					};
				};
			};
			buildConfigurationList = 549D149B2791B53A005CEFE7 /* Build configuration list for PBXProject "SwiftUIMemo" */;
			compatibilityVersion = "Xcode 13.0";
			developmentRegion = en;
			hasScannedForEncodings = 0;
			knownRegions = (
				en,
				Base,
			);
			mainGroup = 549D14972791B53A005CEFE7;
			productRefGroup = 549D14A12791B53A005CEFE7 /* Products */;
			projectDirPath = "";
			projectRoot = "";
			targets = (
				549D149F2791B53A005CEFE7 /* SwiftUIMemo */,
			);
		};
/* End PBXProject section */

/* Begin PBXResourcesBuildPhase section */
		549D149E2791B53A005CEFE7 /* Resources */ = {
			isa = PBXResourcesBuildPhase;
			buildActionMask = 2147483647;
			files = (
				549D14AB2791B53D005CEFE7 /* Preview Assets.xcassets in Resources */,
				549D14A82791B53D005CEFE7 /* Assets.xcassets in Resources */,
			);
			runOnlyForDeploymentPostprocessing = 0;
		};
/* End PBXResourcesBuildPhase section */

/* Begin PBXSourcesBuildPhase section */
		549D149C2791B53A005CEFE7 /* Sources */ = {
			isa = PBXSourcesBuildPhase;
			buildActionMask = 2147483647;
			files = (
				549D14AD2791B53D005CEFE7 /* Persistence.swift in Sources */,
				549D14BA2791B8F5005CEFE7 /* MemoStore.swift in Sources */,
				54FAC02F279999F00088DAE9 /* KeyboardObserver.swift in Sources */,
				549D14B02791B53D005CEFE7 /* SwiftUIMemo.xcdatamodeld in Sources */,
				545F90E22796BAB400C50E3B /* DateFormatter+Memo.swift in Sources */,
				54C7219327A34D880011BE0B /* DetailScene.swift in Sources */,
				549D14A62791B53A005CEFE7 /* MemoListScene.swift in Sources */,
				549D14A42791B53A005CEFE7 /* SwiftUIMemoApp.swift in Sources */,
				549D14B82791B822005CEFE7 /* Memo.swift in Sources */,
				545F90E52796BDCB00C50E3B /* MemoCell.swift in Sources */,
				545F90E82796BEE700C50E3B /* ComposeScene.swift in Sources */,
				54FAC02C279998390088DAE9 /* TextView.swift in Sources */,
			);
			runOnlyForDeploymentPostprocessing = 0;
		};
/* End PBXSourcesBuildPhase section */

/* Begin XCBuildConfiguration section */
		549D14B12791B53D005CEFE7 /* Debug */ = {
			isa = XCBuildConfiguration;
			buildSettings = {
				ALWAYS_SEARCH_USER_PATHS = NO;
				CLANG_ANALYZER_NONNULL = YES;
				CLANG_ANALYZER_NUMBER_OBJECT_CONVERSION = YES_AGGRESSIVE;
				CLANG_CXX_LANGUAGE_STANDARD = "gnu++17";
				CLANG_CXX_LIBRARY = "libc++";
				CLANG_ENABLE_MODULES = YES;
				CLANG_ENABLE_OBJC_ARC = YES;
				CLANG_ENABLE_OBJC_WEAK = YES;
				CLANG_WARN_BLOCK_CAPTURE_AUTORELEASING = YES;
				CLANG_WARN_BOOL_CONVERSION = YES;
				CLANG_WARN_COMMA = YES;
				CLANG_WARN_CONSTANT_CONVERSION = YES;
				CLANG_WARN_DEPRECATED_OBJC_IMPLEMENTATIONS = YES;
				CLANG_WARN_DIRECT_OBJC_ISA_USAGE = YES_ERROR;
				CLANG_WARN_DOCUMENTATION_COMMENTS = YES;
				CLANG_WARN_EMPTY_BODY = YES;
				CLANG_WARN_ENUM_CONVERSION = YES;
				CLANG_WARN_INFINITE_RECURSION = YES;
				CLANG_WARN_INT_CONVERSION = YES;
				CLANG_WARN_NON_LITERAL_NULL_CONVERSION = YES;
				CLANG_WARN_OBJC_IMPLICIT_RETAIN_SELF = YES;
				CLANG_WARN_OBJC_LITERAL_CONVERSION = YES;
				CLANG_WARN_OBJC_ROOT_CLASS = YES_ERROR;
				CLANG_WARN_QUOTED_INCLUDE_IN_FRAMEWORK_HEADER = YES;
				CLANG_WARN_RANGE_LOOP_ANALYSIS = YES;
				CLANG_WARN_STRICT_PROTOTYPES = YES;
				CLANG_WARN_SUSPICIOUS_MOVE = YES;
				CLANG_WARN_UNGUARDED_AVAILABILITY = YES_AGGRESSIVE;
				CLANG_WARN_UNREACHABLE_CODE = YES;
				CLANG_WARN__DUPLICATE_METHOD_MATCH = YES;
				COPY_PHASE_STRIP = NO;
				DEBUG_INFORMATION_FORMAT = dwarf;
				ENABLE_STRICT_OBJC_MSGSEND = YES;
				ENABLE_TESTABILITY = YES;
				GCC_C_LANGUAGE_STANDARD = gnu11;
				GCC_DYNAMIC_NO_PIC = NO;
				GCC_NO_COMMON_BLOCKS = YES;
				GCC_OPTIMIZATION_LEVEL = 0;
				GCC_PREPROCESSOR_DEFINITIONS = (
					"DEBUG=1",
					"$(inherited)",
				);
				GCC_WARN_64_TO_32_BIT_CONVERSION = YES;
				GCC_WARN_ABOUT_RETURN_TYPE = YES_ERROR;
				GCC_WARN_UNDECLARED_SELECTOR = YES;
				GCC_WARN_UNINITIALIZED_AUTOS = YES_AGGRESSIVE;
				GCC_WARN_UNUSED_FUNCTION = YES;
				GCC_WARN_UNUSED_VARIABLE = YES;
				IPHONEOS_DEPLOYMENT_TARGET = 15.0;
				MTL_ENABLE_DEBUG_INFO = INCLUDE_SOURCE;
				MTL_FAST_MATH = YES;
				ONLY_ACTIVE_ARCH = YES;
				SDKROOT = iphoneos;
				SWIFT_ACTIVE_COMPILATION_CONDITIONS = DEBUG;
				SWIFT_OPTIMIZATION_LEVEL = "-Onone";
			};
			name = Debug;
		};
		549D14B22791B53D005CEFE7 /* Release */ = {
			isa = XCBuildConfiguration;
			buildSettings = {
				ALWAYS_SEARCH_USER_PATHS = NO;
				CLANG_ANALYZER_NONNULL = YES;
				CLANG_ANALYZER_NUMBER_OBJECT_CONVERSION = YES_AGGRESSIVE;
				CLANG_CXX_LANGUAGE_STANDARD = "gnu++17";
				CLANG_CXX_LIBRARY = "libc++";
				CLANG_ENABLE_MODULES = YES;
				CLANG_ENABLE_OBJC_ARC = YES;
				CLANG_ENABLE_OBJC_WEAK = YES;
				CLANG_WARN_BLOCK_CAPTURE_AUTORELEASING = YES;
				CLANG_WARN_BOOL_CONVERSION = YES;
				CLANG_WARN_COMMA = YES;
				CLANG_WARN_CONSTANT_CONVERSION = YES;
				CLANG_WARN_DEPRECATED_OBJC_IMPLEMENTATIONS = YES;
				CLANG_WARN_DIRECT_OBJC_ISA_USAGE = YES_ERROR;
				CLANG_WARN_DOCUMENTATION_COMMENTS = YES;
				CLANG_WARN_EMPTY_BODY = YES;
				CLANG_WARN_ENUM_CONVERSION = YES;
				CLANG_WARN_INFINITE_RECURSION = YES;
				CLANG_WARN_INT_CONVERSION = YES;
				CLANG_WARN_NON_LITERAL_NULL_CONVERSION = YES;
				CLANG_WARN_OBJC_IMPLICIT_RETAIN_SELF = YES;
				CLANG_WARN_OBJC_LITERAL_CONVERSION = YES;
				CLANG_WARN_OBJC_ROOT_CLASS = YES_ERROR;
				CLANG_WARN_QUOTED_INCLUDE_IN_FRAMEWORK_HEADER = YES;
				CLANG_WARN_RANGE_LOOP_ANALYSIS = YES;
				CLANG_WARN_STRICT_PROTOTYPES = YES;
				CLANG_WARN_SUSPICIOUS_MOVE = YES;
				CLANG_WARN_UNGUARDED_AVAILABILITY = YES_AGGRESSIVE;
				CLANG_WARN_UNREACHABLE_CODE = YES;
				CLANG_WARN__DUPLICATE_METHOD_MATCH = YES;
				COPY_PHASE_STRIP = NO;
				DEBUG_INFORMATION_FORMAT = "dwarf-with-dsym";
				ENABLE_NS_ASSERTIONS = NO;
				ENABLE_STRICT_OBJC_MSGSEND = YES;
				GCC_C_LANGUAGE_STANDARD = gnu11;
				GCC_NO_COMMON_BLOCKS = YES;
				GCC_WARN_64_TO_32_BIT_CONVERSION = YES;
				GCC_WARN_ABOUT_RETURN_TYPE = YES_ERROR;
				GCC_WARN_UNDECLARED_SELECTOR = YES;
				GCC_WARN_UNINITIALIZED_AUTOS = YES_AGGRESSIVE;
				GCC_WARN_UNUSED_FUNCTION = YES;
				GCC_WARN_UNUSED_VARIABLE = YES;
				IPHONEOS_DEPLOYMENT_TARGET = 15.0;
				MTL_ENABLE_DEBUG_INFO = NO;
				MTL_FAST_MATH = YES;
				SDKROOT = iphoneos;
				SWIFT_COMPILATION_MODE = wholemodule;
				SWIFT_OPTIMIZATION_LEVEL = "-O";
				VALIDATE_PRODUCT = YES;
			};
			name = Release;
		};
		549D14B42791B53D005CEFE7 /* Debug */ = {
			isa = XCBuildConfiguration;
			buildSettings = {
				ASSETCATALOG_COMPILER_APPICON_NAME = AppIcon;
				ASSETCATALOG_COMPILER_GLOBAL_ACCENT_COLOR_NAME = AccentColor;
				CODE_SIGN_STYLE = Automatic;
				CURRENT_PROJECT_VERSION = 1;
				DEVELOPMENT_ASSET_PATHS = "\"SwiftUIMemo/Preview Content\"";
				ENABLE_PREVIEWS = YES;
				GENERATE_INFOPLIST_FILE = YES;
				INFOPLIST_KEY_UIApplicationSceneManifest_Generation = YES;
				INFOPLIST_KEY_UIApplicationSupportsIndirectInputEvents = YES;
				INFOPLIST_KEY_UILaunchScreen_Generation = YES;
				INFOPLIST_KEY_UISupportedInterfaceOrientations_iPad = "UIInterfaceOrientationPortrait UIInterfaceOrientationPortraitUpsideDown UIInterfaceOrientationLandscapeLeft UIInterfaceOrientationLandscapeRight";
				INFOPLIST_KEY_UISupportedInterfaceOrientations_iPhone = "UIInterfaceOrientationPortrait UIInterfaceOrientationLandscapeLeft UIInterfaceOrientationLandscapeRight";
				IPHONEOS_DEPLOYMENT_TARGET = 14.0;
				LD_RUNPATH_SEARCH_PATHS = (
					"$(inherited)",
					"@executable_path/Frameworks",
				);
				MARKETING_VERSION = 1.0;
				PRODUCT_BUNDLE_IDENTIFIER = com.JCY.SwiftUIMemo;
				PRODUCT_NAME = "$(TARGET_NAME)";
				SWIFT_EMIT_LOC_STRINGS = YES;
				SWIFT_VERSION = 5.0;
				TARGETED_DEVICE_FAMILY = "1,2";
			};
			name = Debug;
		};
		549D14B52791B53D005CEFE7 /* Release */ = {
			isa = XCBuildConfiguration;
			buildSettings = {
				ASSETCATALOG_COMPILER_APPICON_NAME = AppIcon;
				ASSETCATALOG_COMPILER_GLOBAL_ACCENT_COLOR_NAME = AccentColor;
				CODE_SIGN_STYLE = Automatic;
				CURRENT_PROJECT_VERSION = 1;
				DEVELOPMENT_ASSET_PATHS = "\"SwiftUIMemo/Preview Content\"";
				ENABLE_PREVIEWS = YES;
				GENERATE_INFOPLIST_FILE = YES;
				INFOPLIST_KEY_UIApplicationSceneManifest_Generation = YES;
				INFOPLIST_KEY_UIApplicationSupportsIndirectInputEvents = YES;
				INFOPLIST_KEY_UILaunchScreen_Generation = YES;
				INFOPLIST_KEY_UISupportedInterfaceOrientations_iPad = "UIInterfaceOrientationPortrait UIInterfaceOrientationPortraitUpsideDown UIInterfaceOrientationLandscapeLeft UIInterfaceOrientationLandscapeRight";
				INFOPLIST_KEY_UISupportedInterfaceOrientations_iPhone = "UIInterfaceOrientationPortrait UIInterfaceOrientationLandscapeLeft UIInterfaceOrientationLandscapeRight";
				IPHONEOS_DEPLOYMENT_TARGET = 14.0;
				LD_RUNPATH_SEARCH_PATHS = (
					"$(inherited)",
					"@executable_path/Frameworks",
				);
				MARKETING_VERSION = 1.0;
				PRODUCT_BUNDLE_IDENTIFIER = com.JCY.SwiftUIMemo;
				PRODUCT_NAME = "$(TARGET_NAME)";
				SWIFT_EMIT_LOC_STRINGS = YES;
				SWIFT_VERSION = 5.0;
				TARGETED_DEVICE_FAMILY = "1,2";
			};
			name = Release;
		};
/* End XCBuildConfiguration section */

/* Begin XCConfigurationList section */
		549D149B2791B53A005CEFE7 /* Build configuration list for PBXProject "SwiftUIMemo" */ = {
			isa = XCConfigurationList;
			buildConfigurations = (
				549D14B12791B53D005CEFE7 /* Debug */,
				549D14B22791B53D005CEFE7 /* Release */,
			);
			defaultConfigurationIsVisible = 0;
			defaultConfigurationName = Release;
		};
		549D14B32791B53D005CEFE7 /* Build configuration list for PBXNativeTarget "SwiftUIMemo" */ = {
			isa = XCConfigurationList;
			buildConfigurations = (
				549D14B42791B53D005CEFE7 /* Debug */,
				549D14B52791B53D005CEFE7 /* Release */,
			);
			defaultConfigurationIsVisible = 0;
			defaultConfigurationName = Release;
		};
/* End XCConfigurationList section */

/* Begin XCVersionGroup section */
		549D14AE2791B53D005CEFE7 /* SwiftUIMemo.xcdatamodeld */ = {
			isa = XCVersionGroup;
			children = (
				549D14AF2791B53D005CEFE7 /* SwiftUIMemo.xcdatamodel */,
			);
			currentVersion = 549D14AF2791B53D005CEFE7 /* SwiftUIMemo.xcdatamodel */;
			path = SwiftUIMemo.xcdatamodeld;
			sourceTree = "<group>";
			versionGroupType = wrapper.xcdatamodel;
		};
/* End XCVersionGroup section */
	};
	rootObject = 549D14982791B53A005CEFE7 /* Project object */;
}
