// !$*UTF8*$!
{
	archiveVersion = 1;
	classes = {
	};
	objectVersion = 55;
	objects = {

/* Begin PBXBuildFile section */
		54729CD9284F5DD30071B18F /* KxWeatherApp.swift in Sources */ = {isa = PBXBuildFile; fileRef = 54729CD8284F5DD30071B18F /* KxWeatherApp.swift */; };
		54729CDB284F5DD30071B18F /* ContentView.swift in Sources */ = {isa = PBXBuildFile; fileRef = 54729CDA284F5DD30071B18F /* ContentView.swift */; };
		54729CDD284F5DD50071B18F /* Assets.xcassets in Resources */ = {isa = PBXBuildFile; fileRef = 54729CDC284F5DD50071B18F /* Assets.xcassets */; };
		54729CE0284F5DD50071B18F /* Preview Assets.xcassets in Resources */ = {isa = PBXBuildFile; fileRef = 54729CDF284F5DD50071B18F /* Preview Assets.xcassets */; };
		54729CEB284F5E870071B18F /* MainView.swift in Sources */ = {isa = PBXBuildFile; fileRef = 54729CEA284F5E870071B18F /* MainView.swift */; };
		54729CED284F685A0071B18F /* CurrentWeather.swift in Sources */ = {isa = PBXBuildFile; fileRef = 54729CEC284F685A0071B18F /* CurrentWeather.swift */; };
		54729CEF284F698C0071B18F /* Double+TemperatureString.swift in Sources */ = {isa = PBXBuildFile; fileRef = 54729CEE284F698C0071B18F /* Double+TemperatureString.swift */; };
		54729CF1284F6C560071B18F /* Forecast.swift in Sources */ = {isa = PBXBuildFile; fileRef = 54729CF0284F6C560071B18F /* Forecast.swift */; };
		54C603862850B17A0082F57A /* BackgroundView.swift in Sources */ = {isa = PBXBuildFile; fileRef = 54C603852850B17A0082F57A /* BackgroundView.swift */; };
		54C603882850B1E50082F57A /* WeatherContentView.swift in Sources */ = {isa = PBXBuildFile; fileRef = 54C603872850B1E50082F57A /* WeatherContentView.swift */; };
		54C6038A2850B2A50082F57A /* CurrentWeatherView.swift in Sources */ = {isa = PBXBuildFile; fileRef = 54C603892850B2A50082F57A /* CurrentWeatherView.swift */; };
		54C6038D2850B3220082F57A /* ForecastView.swift in Sources */ = {isa = PBXBuildFile; fileRef = 54C6038C2850B3220082F57A /* ForecastView.swift */; };
		54C6038F2850DEF90082F57A /* WeatherService.swift in Sources */ = {isa = PBXBuildFile; fileRef = 54C6038E2850DEF90082F57A /* WeatherService.swift */; };
		54C603912850E03F0082F57A /* WeatherService+Location.swift in Sources */ = {isa = PBXBuildFile; fileRef = 54C603902850E03F0082F57A /* WeatherService+Location.swift */; };
		54C603942851B5820082F57A /* String+WeatherSymbol.swift in Sources */ = {isa = PBXBuildFile; fileRef = 54C603932851B5820082F57A /* String+WeatherSymbol.swift */; };
		54C603972851D19D0082F57A /* CodableCurrentWeather.swift in Sources */ = {isa = PBXBuildFile; fileRef = 54C603962851D19D0082F57A /* CodableCurrentWeather.swift */; };
		54C6039928534CAE0082F57A /* WeatherService+Api.swift in Sources */ = {isa = PBXBuildFile; fileRef = 54C6039828534CAE0082F57A /* WeatherService+Api.swift */; };
		54C6039B28534FC80082F57A /* ApiError.swift in Sources */ = {isa = PBXBuildFile; fileRef = 54C6039A28534FC80082F57A /* ApiError.swift */; };
		54C6039D28535B4D0082F57A /* CodableForecast.swift in Sources */ = {isa = PBXBuildFile; fileRef = 54C6039C28535B4D0082F57A /* CodableForecast.swift */; };
/* End PBXBuildFile section */

/* Begin PBXFileReference section */
		54729CD5284F5DD30071B18F /* 날씨.app */ = {isa = PBXFileReference; explicitFileType = wrapper.application; includeInIndex = 0; path = "날씨.app"; sourceTree = BUILT_PRODUCTS_DIR; };
		54729CD8284F5DD30071B18F /* KxWeatherApp.swift */ = {isa = PBXFileReference; lastKnownFileType = sourcecode.swift; path = KxWeatherApp.swift; sourceTree = "<group>"; };
		54729CDA284F5DD30071B18F /* ContentView.swift */ = {isa = PBXFileReference; lastKnownFileType = sourcecode.swift; path = ContentView.swift; sourceTree = "<group>"; };
		54729CDC284F5DD50071B18F /* Assets.xcassets */ = {isa = PBXFileReference; lastKnownFileType = folder.assetcatalog; path = Assets.xcassets; sourceTree = "<group>"; };
		54729CDF284F5DD50071B18F /* Preview Assets.xcassets */ = {isa = PBXFileReference; lastKnownFileType = folder.assetcatalog; path = "Preview Assets.xcassets"; sourceTree = "<group>"; };
		54729CEA284F5E870071B18F /* MainView.swift */ = {isa = PBXFileReference; lastKnownFileType = sourcecode.swift; path = MainView.swift; sourceTree = "<group>"; };
		54729CEC284F685A0071B18F /* CurrentWeather.swift */ = {isa = PBXFileReference; lastKnownFileType = sourcecode.swift; path = CurrentWeather.swift; sourceTree = "<group>"; };
		54729CEE284F698C0071B18F /* Double+TemperatureString.swift */ = {isa = PBXFileReference; lastKnownFileType = sourcecode.swift; path = "Double+TemperatureString.swift"; sourceTree = "<group>"; };
		54729CF0284F6C560071B18F /* Forecast.swift */ = {isa = PBXFileReference; lastKnownFileType = sourcecode.swift; path = Forecast.swift; sourceTree = "<group>"; };
		54C603852850B17A0082F57A /* BackgroundView.swift */ = {isa = PBXFileReference; lastKnownFileType = sourcecode.swift; path = BackgroundView.swift; sourceTree = "<group>"; };
		54C603872850B1E50082F57A /* WeatherContentView.swift */ = {isa = PBXFileReference; lastKnownFileType = sourcecode.swift; path = WeatherContentView.swift; sourceTree = "<group>"; };
		54C603892850B2A50082F57A /* CurrentWeatherView.swift */ = {isa = PBXFileReference; lastKnownFileType = sourcecode.swift; path = CurrentWeatherView.swift; sourceTree = "<group>"; };
		54C6038C2850B3220082F57A /* ForecastView.swift */ = {isa = PBXFileReference; lastKnownFileType = sourcecode.swift; path = ForecastView.swift; sourceTree = "<group>"; };
		54C6038E2850DEF90082F57A /* WeatherService.swift */ = {isa = PBXFileReference; lastKnownFileType = sourcecode.swift; path = WeatherService.swift; sourceTree = "<group>"; };
		54C603902850E03F0082F57A /* WeatherService+Location.swift */ = {isa = PBXFileReference; lastKnownFileType = sourcecode.swift; path = "WeatherService+Location.swift"; sourceTree = "<group>"; };
		54C603922851B24E0082F57A /* GangnamStation.gpx */ = {isa = PBXFileReference; lastKnownFileType = text.xml; path = GangnamStation.gpx; sourceTree = "<group>"; };
		54C603932851B5820082F57A /* String+WeatherSymbol.swift */ = {isa = PBXFileReference; lastKnownFileType = sourcecode.swift; path = "String+WeatherSymbol.swift"; sourceTree = "<group>"; };
		54C603962851D19D0082F57A /* CodableCurrentWeather.swift */ = {isa = PBXFileReference; lastKnownFileType = sourcecode.swift; path = CodableCurrentWeather.swift; sourceTree = "<group>"; };
		54C6039828534CAE0082F57A /* WeatherService+Api.swift */ = {isa = PBXFileReference; lastKnownFileType = sourcecode.swift; path = "WeatherService+Api.swift"; sourceTree = "<group>"; };
		54C6039A28534FC80082F57A /* ApiError.swift */ = {isa = PBXFileReference; lastKnownFileType = sourcecode.swift; path = ApiError.swift; sourceTree = "<group>"; };
		54C6039C28535B4D0082F57A /* CodableForecast.swift */ = {isa = PBXFileReference; lastKnownFileType = sourcecode.swift; path = CodableForecast.swift; sourceTree = "<group>"; };
/* End PBXFileReference section */

/* Begin PBXFrameworksBuildPhase section */
		54729CD2284F5DD30071B18F /* Frameworks */ = {
			isa = PBXFrameworksBuildPhase;
			buildActionMask = 2147483647;
			files = (
			);
			runOnlyForDeploymentPostprocessing = 0;
		};
/* End PBXFrameworksBuildPhase section */

/* Begin PBXGroup section */
		54729CCC284F5DD30071B18F = {
			isa = PBXGroup;
			children = (
				54729CD7284F5DD30071B18F /* KxWeather */,
				54729CD6284F5DD30071B18F /* Products */,
			);
			sourceTree = "<group>";
		};
		54729CD6284F5DD30071B18F /* Products */ = {
			isa = PBXGroup;
			children = (
				54729CD5284F5DD30071B18F /* 날씨.app */,
			);
			name = Products;
			sourceTree = "<group>";
		};
		54729CD7284F5DD30071B18F /* KxWeather */ = {
			isa = PBXGroup;
			children = (
				54729CE9284F5E690071B18F /* View */,
				54729CE8284F5E600071B18F /* Extension */,
				54729CE7284F5E5A0071B18F /* Service */,
				54729CE6284F5E540071B18F /* Model */,
				54729CD8284F5DD30071B18F /* KxWeatherApp.swift */,
				54729CDA284F5DD30071B18F /* ContentView.swift */,
				54729CDC284F5DD50071B18F /* Assets.xcassets */,
				54C603922851B24E0082F57A /* GangnamStation.gpx */,
				54729CDE284F5DD50071B18F /* Preview Content */,
			);
			path = KxWeather;
			sourceTree = "<group>";
		};
		54729CDE284F5DD50071B18F /* Preview Content */ = {
			isa = PBXGroup;
			children = (
				54729CDF284F5DD50071B18F /* Preview Assets.xcassets */,
			);
			path = "Preview Content";
			sourceTree = "<group>";
		};
		54729CE6284F5E540071B18F /* Model */ = {
			isa = PBXGroup;
			children = (
				54729CEC284F685A0071B18F /* CurrentWeather.swift */,
				54729CF0284F6C560071B18F /* Forecast.swift */,
			);
			path = Model;
			sourceTree = "<group>";
		};
		54729CE7284F5E5A0071B18F /* Service */ = {
			isa = PBXGroup;
			children = (
				54C603952851B9760082F57A /* Model */,
				54C6038E2850DEF90082F57A /* WeatherService.swift */,
				54C603902850E03F0082F57A /* WeatherService+Location.swift */,
				54C6039828534CAE0082F57A /* WeatherService+Api.swift */,
			);
			path = Service;
			sourceTree = "<group>";
		};
		54729CE8284F5E600071B18F /* Extension */ = {
			isa = PBXGroup;
			children = (
				54729CEE284F698C0071B18F /* Double+TemperatureString.swift */,
				54C603932851B5820082F57A /* String+WeatherSymbol.swift */,
			);
			path = Extension;
			sourceTree = "<group>";
		};
		54729CE9284F5E690071B18F /* View */ = {
			isa = PBXGroup;
			children = (
				54729CEA284F5E870071B18F /* MainView.swift */,
				54C603852850B17A0082F57A /* BackgroundView.swift */,
				54C603872850B1E50082F57A /* WeatherContentView.swift */,
				54C603892850B2A50082F57A /* CurrentWeatherView.swift */,
				54C6038C2850B3220082F57A /* ForecastView.swift */,
			);
			path = View;
			sourceTree = "<group>";
		};
		54C603952851B9760082F57A /* Model */ = {
			isa = PBXGroup;
			children = (
				54C603962851D19D0082F57A /* CodableCurrentWeather.swift */,
				54C6039A28534FC80082F57A /* ApiError.swift */,
				54C6039C28535B4D0082F57A /* CodableForecast.swift */,
			);
			path = Model;
			sourceTree = "<group>";
		};
/* End PBXGroup section */

/* Begin PBXNativeTarget section */
		54729CD4284F5DD30071B18F /* KxWeather */ = {
			isa = PBXNativeTarget;
			buildConfigurationList = 54729CE3284F5DD50071B18F /* Build configuration list for PBXNativeTarget "KxWeather" */;
			buildPhases = (
				54729CD1284F5DD30071B18F /* Sources */,
				54729CD2284F5DD30071B18F /* Frameworks */,
				54729CD3284F5DD30071B18F /* Resources */,
			);
			buildRules = (
			);
			dependencies = (
			);
			name = KxWeather;
			productName = KxWeather;
			productReference = 54729CD5284F5DD30071B18F /* 날씨.app */;
			productType = "com.apple.product-type.application";
		};
/* End PBXNativeTarget section */

/* Begin PBXProject section */
		54729CCD284F5DD30071B18F /* Project object */ = {
			isa = PBXProject;
			attributes = {
				BuildIndependentTargetsInParallel = 1;
				LastSwiftUpdateCheck = 1340;
				LastUpgradeCheck = 1340;
				TargetAttributes = {
					54729CD4284F5DD30071B18F = {
						CreatedOnToolsVersion = 13.4;
					};
				};
			};
			buildConfigurationList = 54729CD0284F5DD30071B18F /* Build configuration list for PBXProject "KxWeather" */;
			compatibilityVersion = "Xcode 13.0";
			developmentRegion = en;
			hasScannedForEncodings = 0;
			knownRegions = (
				en,
				Base,
			);
			mainGroup = 54729CCC284F5DD30071B18F;
			productRefGroup = 54729CD6284F5DD30071B18F /* Products */;
			projectDirPath = "";
			projectRoot = "";
			targets = (
				54729CD4284F5DD30071B18F /* KxWeather */,
			);
		};
/* End PBXProject section */

/* Begin PBXResourcesBuildPhase section */
		54729CD3284F5DD30071B18F /* Resources */ = {
			isa = PBXResourcesBuildPhase;
			buildActionMask = 2147483647;
			files = (
				54729CE0284F5DD50071B18F /* Preview Assets.xcassets in Resources */,
				54729CDD284F5DD50071B18F /* Assets.xcassets in Resources */,
			);
			runOnlyForDeploymentPostprocessing = 0;
		};
/* End PBXResourcesBuildPhase section */

/* Begin PBXSourcesBuildPhase section */
		54729CD1284F5DD30071B18F /* Sources */ = {
			isa = PBXSourcesBuildPhase;
			buildActionMask = 2147483647;
			files = (
				54C6039D28535B4D0082F57A /* CodableForecast.swift in Sources */,
				54729CDB284F5DD30071B18F /* ContentView.swift in Sources */,
				54C6038D2850B3220082F57A /* ForecastView.swift in Sources */,
				54C6038F2850DEF90082F57A /* WeatherService.swift in Sources */,
				54C603882850B1E50082F57A /* WeatherContentView.swift in Sources */,
				54729CEF284F698C0071B18F /* Double+TemperatureString.swift in Sources */,
				54C603972851D19D0082F57A /* CodableCurrentWeather.swift in Sources */,
				54C603912850E03F0082F57A /* WeatherService+Location.swift in Sources */,
				54C6039928534CAE0082F57A /* WeatherService+Api.swift in Sources */,
				54C6038A2850B2A50082F57A /* CurrentWeatherView.swift in Sources */,
				54C603942851B5820082F57A /* String+WeatherSymbol.swift in Sources */,
				54729CEB284F5E870071B18F /* MainView.swift in Sources */,
				54C603862850B17A0082F57A /* BackgroundView.swift in Sources */,
				54729CED284F685A0071B18F /* CurrentWeather.swift in Sources */,
				54C6039B28534FC80082F57A /* ApiError.swift in Sources */,
				54729CF1284F6C560071B18F /* Forecast.swift in Sources */,
				54729CD9284F5DD30071B18F /* KxWeatherApp.swift in Sources */,
			);
			runOnlyForDeploymentPostprocessing = 0;
		};
/* End PBXSourcesBuildPhase section */

/* Begin XCBuildConfiguration section */
		54729CE1284F5DD50071B18F /* Debug */ = {
			isa = XCBuildConfiguration;
			buildSettings = {
				ALWAYS_SEARCH_USER_PATHS = NO;
				CLANG_ANALYZER_NONNULL = YES;
				CLANG_ANALYZER_NUMBER_OBJECT_CONVERSION = YES_AGGRESSIVE;
				CLANG_CXX_LANGUAGE_STANDARD = "gnu++17";
				CLANG_ENABLE_MODULES = YES;
				CLANG_ENABLE_OBJC_ARC = YES;
				CLANG_ENABLE_OBJC_WEAK = YES;
				CLANG_WARN_BLOCK_CAPTURE_AUTORELEASING = YES;
				CLANG_WARN_BOOL_CONVERSION = YES;
				CLANG_WARN_COMMA = YES;
				CLANG_WARN_CONSTANT_CONVERSION = YES;
				CLANG_WARN_DEPRECATED_OBJC_IMPLEMENTATIONS = YES;
				CLANG_WARN_DIRECT_OBJC_ISA_USAGE = YES_ERROR;
				CLANG_WARN_DOCUMENTATION_COMMENTS = YES;
				CLANG_WARN_EMPTY_BODY = YES;
				CLANG_WARN_ENUM_CONVERSION = YES;
				CLANG_WARN_INFINITE_RECURSION = YES;
				CLANG_WARN_INT_CONVERSION = YES;
				CLANG_WARN_NON_LITERAL_NULL_CONVERSION = YES;
				CLANG_WARN_OBJC_IMPLICIT_RETAIN_SELF = YES;
				CLANG_WARN_OBJC_LITERAL_CONVERSION = YES;
				CLANG_WARN_OBJC_ROOT_CLASS = YES_ERROR;
				CLANG_WARN_QUOTED_INCLUDE_IN_FRAMEWORK_HEADER = YES;
				CLANG_WARN_RANGE_LOOP_ANALYSIS = YES;
				CLANG_WARN_STRICT_PROTOTYPES = YES;
				CLANG_WARN_SUSPICIOUS_MOVE = YES;
				CLANG_WARN_UNGUARDED_AVAILABILITY = YES_AGGRESSIVE;
				CLANG_WARN_UNREACHABLE_CODE = YES;
				CLANG_WARN__DUPLICATE_METHOD_MATCH = YES;
				COPY_PHASE_STRIP = NO;
				DEBUG_INFORMATION_FORMAT = dwarf;
				ENABLE_STRICT_OBJC_MSGSEND = YES;
				ENABLE_TESTABILITY = YES;
				GCC_C_LANGUAGE_STANDARD = gnu11;
				GCC_DYNAMIC_NO_PIC = NO;
				GCC_NO_COMMON_BLOCKS = YES;
				GCC_OPTIMIZATION_LEVEL = 0;
				GCC_PREPROCESSOR_DEFINITIONS = (
					"DEBUG=1",
					"$(inherited)",
				);
				GCC_WARN_64_TO_32_BIT_CONVERSION = YES;
				GCC_WARN_ABOUT_RETURN_TYPE = YES_ERROR;
				GCC_WARN_UNDECLARED_SELECTOR = YES;
				GCC_WARN_UNINITIALIZED_AUTOS = YES_AGGRESSIVE;
				GCC_WARN_UNUSED_FUNCTION = YES;
				GCC_WARN_UNUSED_VARIABLE = YES;
				IPHONEOS_DEPLOYMENT_TARGET = 15.5;
				MTL_ENABLE_DEBUG_INFO = INCLUDE_SOURCE;
				MTL_FAST_MATH = YES;
				ONLY_ACTIVE_ARCH = YES;
				SDKROOT = iphoneos;
				SWIFT_ACTIVE_COMPILATION_CONDITIONS = DEBUG;
				SWIFT_OPTIMIZATION_LEVEL = "-Onone";
			};
			name = Debug;
		};
		54729CE2284F5DD50071B18F /* Release */ = {
			isa = XCBuildConfiguration;
			buildSettings = {
				ALWAYS_SEARCH_USER_PATHS = NO;
				CLANG_ANALYZER_NONNULL = YES;
				CLANG_ANALYZER_NUMBER_OBJECT_CONVERSION = YES_AGGRESSIVE;
				CLANG_CXX_LANGUAGE_STANDARD = "gnu++17";
				CLANG_ENABLE_MODULES = YES;
				CLANG_ENABLE_OBJC_ARC = YES;
				CLANG_ENABLE_OBJC_WEAK = YES;
				CLANG_WARN_BLOCK_CAPTURE_AUTORELEASING = YES;
				CLANG_WARN_BOOL_CONVERSION = YES;
				CLANG_WARN_COMMA = YES;
				CLANG_WARN_CONSTANT_CONVERSION = YES;
				CLANG_WARN_DEPRECATED_OBJC_IMPLEMENTATIONS = YES;
				CLANG_WARN_DIRECT_OBJC_ISA_USAGE = YES_ERROR;
				CLANG_WARN_DOCUMENTATION_COMMENTS = YES;
				CLANG_WARN_EMPTY_BODY = YES;
				CLANG_WARN_ENUM_CONVERSION = YES;
				CLANG_WARN_INFINITE_RECURSION = YES;
				CLANG_WARN_INT_CONVERSION = YES;
				CLANG_WARN_NON_LITERAL_NULL_CONVERSION = YES;
				CLANG_WARN_OBJC_IMPLICIT_RETAIN_SELF = YES;
				CLANG_WARN_OBJC_LITERAL_CONVERSION = YES;
				CLANG_WARN_OBJC_ROOT_CLASS = YES_ERROR;
				CLANG_WARN_QUOTED_INCLUDE_IN_FRAMEWORK_HEADER = YES;
				CLANG_WARN_RANGE_LOOP_ANALYSIS = YES;
				CLANG_WARN_STRICT_PROTOTYPES = YES;
				CLANG_WARN_SUSPICIOUS_MOVE = YES;
				CLANG_WARN_UNGUARDED_AVAILABILITY = YES_AGGRESSIVE;
				CLANG_WARN_UNREACHABLE_CODE = YES;
				CLANG_WARN__DUPLICATE_METHOD_MATCH = YES;
				COPY_PHASE_STRIP = NO;
				DEBUG_INFORMATION_FORMAT = "dwarf-with-dsym";
				ENABLE_NS_ASSERTIONS = NO;
				ENABLE_STRICT_OBJC_MSGSEND = YES;
				GCC_C_LANGUAGE_STANDARD = gnu11;
				GCC_NO_COMMON_BLOCKS = YES;
				GCC_WARN_64_TO_32_BIT_CONVERSION = YES;
				GCC_WARN_ABOUT_RETURN_TYPE = YES_ERROR;
				GCC_WARN_UNDECLARED_SELECTOR = YES;
				GCC_WARN_UNINITIALIZED_AUTOS = YES_AGGRESSIVE;
				GCC_WARN_UNUSED_FUNCTION = YES;
				GCC_WARN_UNUSED_VARIABLE = YES;
				IPHONEOS_DEPLOYMENT_TARGET = 15.5;
				MTL_ENABLE_DEBUG_INFO = NO;
				MTL_FAST_MATH = YES;
				SDKROOT = iphoneos;
				SWIFT_COMPILATION_MODE = wholemodule;
				SWIFT_OPTIMIZATION_LEVEL = "-O";
				VALIDATE_PRODUCT = YES;
			};
			name = Release;
		};
		54729CE4284F5DD50071B18F /* Debug */ = {
			isa = XCBuildConfiguration;
			buildSettings = {
				ASSETCATALOG_COMPILER_APPICON_NAME = AppIcon;
				ASSETCATALOG_COMPILER_GLOBAL_ACCENT_COLOR_NAME = AccentColor;
				CODE_SIGN_STYLE = Automatic;
				CURRENT_PROJECT_VERSION = 1;
				DEVELOPMENT_ASSET_PATHS = "\"KxWeather/Preview Content\"";
				DEVELOPMENT_TEAM = FSLGTDRXYN;
				ENABLE_PREVIEWS = YES;
				GENERATE_INFOPLIST_FILE = YES;
				INFOPLIST_KEY_NSLocationWhenInUseUsageDescription = "현재 위치에서 날씨 정보를 요청합니다.";
				INFOPLIST_KEY_UIApplicationSceneManifest_Generation = YES;
				INFOPLIST_KEY_UIApplicationSupportsIndirectInputEvents = YES;
				INFOPLIST_KEY_UILaunchScreen_Generation = YES;
				INFOPLIST_KEY_UISupportedInterfaceOrientations_iPad = "UIInterfaceOrientationPortrait UIInterfaceOrientationPortraitUpsideDown UIInterfaceOrientationLandscapeLeft UIInterfaceOrientationLandscapeRight";
				INFOPLIST_KEY_UISupportedInterfaceOrientations_iPhone = "UIInterfaceOrientationPortrait UIInterfaceOrientationLandscapeLeft UIInterfaceOrientationLandscapeRight";
				IPHONEOS_DEPLOYMENT_TARGET = 15.0;
				LD_RUNPATH_SEARCH_PATHS = (
					"$(inherited)",
					"@executable_path/Frameworks",
				);
				MARKETING_VERSION = 1.0;
				PRODUCT_BUNDLE_IDENTIFIER = com.JCY.KxWeather;
				PRODUCT_NAME = "날씨";
				SWIFT_EMIT_LOC_STRINGS = YES;
				SWIFT_VERSION = 5.0;
				TARGETED_DEVICE_FAMILY = "1,2";
			};
			name = Debug;
		};
		54729CE5284F5DD50071B18F /* Release */ = {
			isa = XCBuildConfiguration;
			buildSettings = {
				ASSETCATALOG_COMPILER_APPICON_NAME = AppIcon;
				ASSETCATALOG_COMPILER_GLOBAL_ACCENT_COLOR_NAME = AccentColor;
				CODE_SIGN_STYLE = Automatic;
				CURRENT_PROJECT_VERSION = 1;
				DEVELOPMENT_ASSET_PATHS = "\"KxWeather/Preview Content\"";
				DEVELOPMENT_TEAM = FSLGTDRXYN;
				ENABLE_PREVIEWS = YES;
				GENERATE_INFOPLIST_FILE = YES;
				INFOPLIST_KEY_NSLocationWhenInUseUsageDescription = "현재 위치에서 날씨 정보를 요청합니다.";
				INFOPLIST_KEY_UIApplicationSceneManifest_Generation = YES;
				INFOPLIST_KEY_UIApplicationSupportsIndirectInputEvents = YES;
				INFOPLIST_KEY_UILaunchScreen_Generation = YES;
				INFOPLIST_KEY_UISupportedInterfaceOrientations_iPad = "UIInterfaceOrientationPortrait UIInterfaceOrientationPortraitUpsideDown UIInterfaceOrientationLandscapeLeft UIInterfaceOrientationLandscapeRight";
				INFOPLIST_KEY_UISupportedInterfaceOrientations_iPhone = "UIInterfaceOrientationPortrait UIInterfaceOrientationLandscapeLeft UIInterfaceOrientationLandscapeRight";
				IPHONEOS_DEPLOYMENT_TARGET = 15.0;
				LD_RUNPATH_SEARCH_PATHS = (
					"$(inherited)",
					"@executable_path/Frameworks",
				);
				MARKETING_VERSION = 1.0;
				PRODUCT_BUNDLE_IDENTIFIER = com.JCY.KxWeather;
				PRODUCT_NAME = "날씨";
				SWIFT_EMIT_LOC_STRINGS = YES;
				SWIFT_VERSION = 5.0;
				TARGETED_DEVICE_FAMILY = "1,2";
			};
			name = Release;
		};
/* End XCBuildConfiguration section */

/* Begin XCConfigurationList section */
		54729CD0284F5DD30071B18F /* Build configuration list for PBXProject "KxWeather" */ = {
			isa = XCConfigurationList;
			buildConfigurations = (
				54729CE1284F5DD50071B18F /* Debug */,
				54729CE2284F5DD50071B18F /* Release */,
			);
			defaultConfigurationIsVisible = 0;
			defaultConfigurationName = Release;
		};
		54729CE3284F5DD50071B18F /* Build configuration list for PBXNativeTarget "KxWeather" */ = {
			isa = XCConfigurationList;
			buildConfigurations = (
				54729CE4284F5DD50071B18F /* Debug */,
				54729CE5284F5DD50071B18F /* Release */,
			);
			defaultConfigurationIsVisible = 0;
			defaultConfigurationName = Release;
		};
/* End XCConfigurationList section */
	};
	rootObject = 54729CCD284F5DD30071B18F /* Project object */;
}
